
Microsoft Visual Studio Solution File, Format Version 12.00
# Visual Studio Version 17
VisualStudioVersion = 17.4.33213.308
MinimumVisualStudioVersion = 10.0.40219.1
Project("{FAE04EC0-301F-11D3-BF4B-00C04F79EFBC}") = "Northwind.Entities", "Entities\Northwind.Entities.csproj", "{14482A4D-8695-48C2-A670-E2A7CDA0236D}"
EndProject
Project("{FAE04EC0-301F-11D3-BF4B-00C04F79EFBC}") = "Northwind.DataAccess", "Northwind.DataAccess\Northwind.DataAccess.csproj", "{BD132AD3-7FCA-4B75-92FF-12A07C0EB566}"
EndProject
Project("{FAE04EC0-301F-11D3-BF4B-00C04F79EFBC}") = "Northwind.Business", "Northwind.Busines\Northwind.Business.csproj", "{2E833E50-CE99-418C-8C8C-DEE72DF7F2B4}"
EndProject
Project("{FAE04EC0-301F-11D3-BF4B-00C04F79EFBC}") = "Norhwind.WebFormsUI", "Norhwind.WebFormsUI\Norhwind.WebFormsUI.csproj", "{26E99093-6B11-45C3-8AAF-C2E8C009DDCF}"
EndProject
Global
	GlobalSection(SolutionConfigurationPlatforms) = preSolution
		Debug|Any CPU = Debug|Any CPU
		Release|Any CPU = Release|Any CPU
	EndGlobalSection
	GlobalSection(ProjectConfigurationPlatforms) = postSolution
		{14482A4D-8695-48C2-A670-E2A7CDA0236D}.Debug|Any CPU.ActiveCfg = Debug|Any CPU
		{14482A4D-8695-48C2-A670-E2A7CDA0236D}.Debug|Any CPU.Build.0 = Debug|Any CPU
		{14482A4D-8695-48C2-A670-E2A7CDA0236D}.Release|Any CPU.ActiveCfg = Release|Any CPU
		{14482A4D-8695-48C2-A670-E2A7CDA0236D}.Release|Any CPU.Build.0 = Release|Any CPU
		{BD132AD3-7FCA-4B75-92FF-12A07C0EB566}.Debug|Any CPU.ActiveCfg = Debug|Any CPU
		{BD132AD3-7FCA-4B75-92FF-12A07C0EB566}.Debug|Any CPU.Build.0 = Debug|Any CPU
		{BD132AD3-7FCA-4B75-92FF-12A07C0EB566}.Release|Any CPU.ActiveCfg = Release|Any CPU
		{BD132AD3-7FCA-4B75-92FF-12A07C0EB566}.Release|Any CPU.Build.0 = Release|Any CPU
		{2E833E50-CE99-418C-8C8C-DEE72DF7F2B4}.Debug|Any CPU.ActiveCfg = Debug|Any CPU
		{2E833E50-CE99-418C-8C8C-DEE72DF7F2B4}.Debug|Any CPU.Build.0 = Debug|Any CPU
		{2E833E50-CE99-418C-8C8C-DEE72DF7F2B4}.Release|Any CPU.ActiveCfg = Release|Any CPU
		{2E833E50-CE99-418C-8C8C-DEE72DF7F2B4}.Release|Any CPU.Build.0 = Release|Any CPU
		{26E99093-6B11-45C3-8AAF-C2E8C009DDCF}.Debug|Any CPU.ActiveCfg = Debug|Any CPU
		{26E99093-6B11-45C3-8AAF-C2E8C009DDCF}.Debug|Any CPU.Build.0 = Debug|Any CPU
		{26E99093-6B11-45C3-8AAF-C2E8C009DDCF}.Release|Any CPU.ActiveCfg = Release|Any CPU
		{26E99093-6B11-45C3-8AAF-C2E8C009DDCF}.Release|Any CPU.Build.0 = Release|Any CPU
	EndGlobalSection
	GlobalSection(SolutionProperties) = preSolution
		HideSolutionNode = FALSE
	EndGlobalSection
	GlobalSection(ExtensibilityGlobals) = postSolution
		SolutionGuid = {2E18DBE2-1C5B-4508-9CB3-7DF83D87478A}
	EndGlobalSection
EndGlobal
